# This file is automatically @generated by Cargo.
# It is not intended for manual editing.
version = 4

[[package]]
name = "codex32"
version = "0.1.0"
source = "registry+https://github.com/rust-lang/crates.io-index"
checksum = "d230935faa4d0521349d228f39aba4ff489cf2a8bcab4d84e31f4cbd6fe918e9"

[[package]]
name = "ms-cli"
version = "0.0.0"

[[package]]
name = "ms-codec"
version = "0.1.0-dev"
dependencies = [
 "codex32",
]
